
Microsoft Visual Studio Solution File, Format Version 12.00
# Visual Studio Version 16
VisualStudioVersion = 16.0.31005.135
MinimumVisualStudioVersion = 10.0.40219.1
Project("{FAE04EC0-301F-11D3-BF4B-00C04F79EFBC}") = "MyDictionary", "MyDictionary\MyDictionary.csproj", "{5B6DE9F4-68C7-4C03-8A40-65A4A237173D}"
EndProject
Global
	GlobalSection(SolutionConfigurationPlatforms) = preSolution
		Debug|Any CPU = Debug|Any CPU
		Release|Any CPU = Release|Any CPU
	EndGlobalSection
	GlobalSection(ProjectConfigurationPlatforms) = postSolution
		{5B6DE9F4-68C7-4C03-8A40-65A4A237173D}.Debug|Any CPU.ActiveCfg = Debug|Any CPU
		{5B6DE9F4-68C7-4C03-8A40-65A4A237173D}.Debug|Any CPU.Build.0 = Debug|Any CPU
		{5B6DE9F4-68C7-4C03-8A40-65A4A237173D}.Release|Any CPU.ActiveCfg = Release|Any CPU
		{5B6DE9F4-68C7-4C03-8A40-65A4A237173D}.Release|Any CPU.Build.0 = Release|Any CPU
	EndGlobalSection
	GlobalSection(SolutionProperties) = preSolution
		HideSolutionNode = FALSE
	EndGlobalSection
	GlobalSection(ExtensibilityGlobals) = postSolution
		SolutionGuid = {BEF640ED-22F9-4B8B-968E-20F296488D19}
	EndGlobalSection
EndGlobal
